
Microsoft Visual Studio Solution File, Format Version 12.00
# Visual Studio Version 17
VisualStudioVersion = 17.6.33712.159
MinimumVisualStudioVersion = 10.0.40219.1
Project("{2150E333-8FDC-42A3-9474-1A3956D46DE8}") = "DataAccess", "DataAccess", "{BE4BBA96-89E3-4187-9D2E-2053A18656DB}"
EndProject
Project("{2150E333-8FDC-42A3-9474-1A3956D46DE8}") = "Api", "Api", "{13772974-C3B3-479F-AB5B-0E756C61CD55}"
	ProjectSection(SolutionItems) = preProject
		api.json = api.json
	EndProjectSection
EndProject
Project("{2150E333-8FDC-42A3-9474-1A3956D46DE8}") = "Listener", "Listener", "{6BC6BA50-0AFA-499A-801F-9BC4B8BAF9C6}"
EndProject
Project("{2150E333-8FDC-42A3-9474-1A3956D46DE8}") = "Core", "Core", "{639AC932-0665-45A6-87F8-B72A6C457952}"
EndProject
Project("{2150E333-8FDC-42A3-9474-1A3956D46DE8}") = "Web", "Web", "{EBEC1542-8312-4F99-84AE-5AC816599DAB}"
EndProject
Project("{2150E333-8FDC-42A3-9474-1A3956D46DE8}") = ".config", ".config", "{B8B72829-9A46-45B9-987F-CDD4486FC36D}"
	ProjectSection(SolutionItems) = preProject
		Directory.Build.props = Directory.Build.props
		.config\dotnet-tools.json = .config\dotnet-tools.json
	EndProjectSection
EndProject
Project("{2150E333-8FDC-42A3-9474-1A3956D46DE8}") = "Shared", "Shared", "{30CA5669-32EE-40D8-BB12-6DD9543BE2F9}"
EndProject
Project("{9A19103F-16F7-4668-BE54-9A1E7A4F7556}") = "VTrack.Api", "backend\VTrack.Api\VTrack.Api.csproj", "{303EF46C-926C-448D-AD98-0D779C65A625}"
EndProject
Project("{9A19103F-16F7-4668-BE54-9A1E7A4F7556}") = "VTrack.Api.Model", "backend\VTrack.Api.Model\VTrack.Api.Model.csproj", "{D4DA1AB5-0B57-4AE1-9C46-D888FA5ADE22}"
EndProject
Project("{9A19103F-16F7-4668-BE54-9A1E7A4F7556}") = "VTrack.Api.Services", "backend\VTrack.Api.Services\VTrack.Api.Services.csproj", "{431589CB-73F7-43D0-AC24-39C7D662A0F3}"
EndProject
Project("{9A19103F-16F7-4668-BE54-9A1E7A4F7556}") = "VTrack.Api.Tests", "backend\VTrack.Api.Tests\VTrack.Api.Tests.csproj", "{BA4A28DB-BF12-4D2E-BB3B-4383C59FFD55}"
EndProject
Project("{9A19103F-16F7-4668-BE54-9A1E7A4F7556}") = "VTrack.Core.Model", "backend\VTrack.Core.Model\VTrack.Core.Model.csproj", "{29F6E713-6CE5-4617-8E8B-229A165458DC}"
EndProject
Project("{9A19103F-16F7-4668-BE54-9A1E7A4F7556}") = "VTrack.Core.Services", "backend\VTrack.Core.Services\VTrack.Core.Services.csproj", "{0047501D-7400-48BE-B702-67BE8E01D88C}"
EndProject
Project("{9A19103F-16F7-4668-BE54-9A1E7A4F7556}") = "VTrack.DataAccess", "backend\VTrack.DataAccess\VTrack.DataAccess.csproj", "{C9EC9720-CE7D-490C-BBD8-F580C5B79904}"
EndProject
Project("{9A19103F-16F7-4668-BE54-9A1E7A4F7556}") = "VTrack.DataAccess.Model", "backend\VTrack.DataAccess.Model\VTrack.DataAccess.Model.csproj", "{CDD4296B-5A94-49D7-A426-B60C7793E071}"
EndProject
Project("{9A19103F-16F7-4668-BE54-9A1E7A4F7556}") = "VTrack.DataAccess.Services", "backend\VTrack.DataAccess.Services\VTrack.DataAccess.Services.csproj", "{93391FC8-E457-4706-A6CE-50BD81FA3814}"
EndProject
Project("{9A19103F-16F7-4668-BE54-9A1E7A4F7556}") = "VTrack.Listener", "backend\VTrack.Listener\VTrack.Listener.csproj", "{ADA6DE63-CB28-4147-893E-E7BA7F1CB91C}"
EndProject
Project("{9A19103F-16F7-4668-BE54-9A1E7A4F7556}") = "VTrack.Listener.DeviceSimulator", "backend\VTrack.Listener.DeviceSimulator\VTrack.Listener.DeviceSimulator.csproj", "{53793722-B274-45F4-BF9E-4FD13EF29BB5}"
EndProject
Project("{9A19103F-16F7-4668-BE54-9A1E7A4F7556}") = "VTrack.Listener.Tests", "backend\VTrack.Listener.Tests\VTrack.Listener.Tests.csproj", "{6432B651-3425-4E0B-8DA6-9385C7F907E3}"
EndProject
Project("{9A19103F-16F7-4668-BE54-9A1E7A4F7556}") = "VTrack.Shared.Library", "backend\VTrack.Shared.Library\VTrack.Shared.Library.csproj", "{9603149B-8E15-4242-8F27-68FA56E1A7A8}"
EndProject
Project("{9A19103F-16F7-4668-BE54-9A1E7A4F7556}") = "VTrack.Shared.Services", "backend\VTrack.Shared.Services\VTrack.Shared.Services.csproj", "{11E68858-FB1B-4358-8AF0-9090EFA3DE02}"
EndProject
Project("{9A19103F-16F7-4668-BE54-9A1E7A4F7556}") = "VTrack.Shared.Services.Tests", "backend\VTrack.Shared.Services.Tests\VTrack.Shared.Services.Tests.csproj", "{0307230E-3569-4F64-AC3C-E31FBAE2154D}"
EndProject
Project("{9A19103F-16F7-4668-BE54-9A1E7A4F7556}") = "VTrack.Web", "backend\VTrack.Web\VTrack.Web.csproj", "{824742A8-5415-42D8-B69A-E3DAF11495A9}"
EndProject
Global
	GlobalSection(SolutionConfigurationPlatforms) = preSolution
		Debug|Any CPU = Debug|Any CPU
		Release|Any CPU = Release|Any CPU
	EndGlobalSection
	GlobalSection(ProjectConfigurationPlatforms) = postSolution
		{303EF46C-926C-448D-AD98-0D779C65A625}.Debug|Any CPU.ActiveCfg = Debug|Any CPU
		{303EF46C-926C-448D-AD98-0D779C65A625}.Debug|Any CPU.Build.0 = Debug|Any CPU
		{303EF46C-926C-448D-AD98-0D779C65A625}.Release|Any CPU.ActiveCfg = Release|Any CPU
		{303EF46C-926C-448D-AD98-0D779C65A625}.Release|Any CPU.Build.0 = Release|Any CPU
		{D4DA1AB5-0B57-4AE1-9C46-D888FA5ADE22}.Debug|Any CPU.ActiveCfg = Debug|Any CPU
		{D4DA1AB5-0B57-4AE1-9C46-D888FA5ADE22}.Debug|Any CPU.Build.0 = Debug|Any CPU
		{D4DA1AB5-0B57-4AE1-9C46-D888FA5ADE22}.Release|Any CPU.ActiveCfg = Release|Any CPU
		{D4DA1AB5-0B57-4AE1-9C46-D888FA5ADE22}.Release|Any CPU.Build.0 = Release|Any CPU
		{431589CB-73F7-43D0-AC24-39C7D662A0F3}.Debug|Any CPU.ActiveCfg = Debug|Any CPU
		{431589CB-73F7-43D0-AC24-39C7D662A0F3}.Debug|Any CPU.Build.0 = Debug|Any CPU
		{431589CB-73F7-43D0-AC24-39C7D662A0F3}.Release|Any CPU.ActiveCfg = Release|Any CPU
		{431589CB-73F7-43D0-AC24-39C7D662A0F3}.Release|Any CPU.Build.0 = Release|Any CPU
		{BA4A28DB-BF12-4D2E-BB3B-4383C59FFD55}.Debug|Any CPU.ActiveCfg = Debug|Any CPU
		{BA4A28DB-BF12-4D2E-BB3B-4383C59FFD55}.Debug|Any CPU.Build.0 = Debug|Any CPU
		{BA4A28DB-BF12-4D2E-BB3B-4383C59FFD55}.Release|Any CPU.ActiveCfg = Release|Any CPU
		{BA4A28DB-BF12-4D2E-BB3B-4383C59FFD55}.Release|Any CPU.Build.0 = Release|Any CPU
		{29F6E713-6CE5-4617-8E8B-229A165458DC}.Debug|Any CPU.ActiveCfg = Debug|Any CPU
		{29F6E713-6CE5-4617-8E8B-229A165458DC}.Debug|Any CPU.Build.0 = Debug|Any CPU
		{29F6E713-6CE5-4617-8E8B-229A165458DC}.Release|Any CPU.ActiveCfg = Release|Any CPU
		{29F6E713-6CE5-4617-8E8B-229A165458DC}.Release|Any CPU.Build.0 = Release|Any CPU
		{0047501D-7400-48BE-B702-67BE8E01D88C}.Debug|Any CPU.ActiveCfg = Debug|Any CPU
		{0047501D-7400-48BE-B702-67BE8E01D88C}.Debug|Any CPU.Build.0 = Debug|Any CPU
		{0047501D-7400-48BE-B702-67BE8E01D88C}.Release|Any CPU.ActiveCfg = Release|Any CPU
		{0047501D-7400-48BE-B702-67BE8E01D88C}.Release|Any CPU.Build.0 = Release|Any CPU
		{C9EC9720-CE7D-490C-BBD8-F580C5B79904}.Debug|Any CPU.ActiveCfg = Debug|Any CPU
		{C9EC9720-CE7D-490C-BBD8-F580C5B79904}.Debug|Any CPU.Build.0 = Debug|Any CPU
		{C9EC9720-CE7D-490C-BBD8-F580C5B79904}.Release|Any CPU.ActiveCfg = Release|Any CPU
		{C9EC9720-CE7D-490C-BBD8-F580C5B79904}.Release|Any CPU.Build.0 = Release|Any CPU
		{CDD4296B-5A94-49D7-A426-B60C7793E071}.Debug|Any CPU.ActiveCfg = Debug|Any CPU
		{CDD4296B-5A94-49D7-A426-B60C7793E071}.Debug|Any CPU.Build.0 = Debug|Any CPU
		{CDD4296B-5A94-49D7-A426-B60C7793E071}.Release|Any CPU.ActiveCfg = Release|Any CPU
		{CDD4296B-5A94-49D7-A426-B60C7793E071}.Release|Any CPU.Build.0 = Release|Any CPU
		{93391FC8-E457-4706-A6CE-50BD81FA3814}.Debug|Any CPU.ActiveCfg = Debug|Any CPU
		{93391FC8-E457-4706-A6CE-50BD81FA3814}.Debug|Any CPU.Build.0 = Debug|Any CPU
		{93391FC8-E457-4706-A6CE-50BD81FA3814}.Release|Any CPU.ActiveCfg = Release|Any CPU
		{93391FC8-E457-4706-A6CE-50BD81FA3814}.Release|Any CPU.Build.0 = Release|Any CPU
		{ADA6DE63-CB28-4147-893E-E7BA7F1CB91C}.Debug|Any CPU.ActiveCfg = Debug|Any CPU
		{ADA6DE63-CB28-4147-893E-E7BA7F1CB91C}.Debug|Any CPU.Build.0 = Debug|Any CPU
		{ADA6DE63-CB28-4147-893E-E7BA7F1CB91C}.Release|Any CPU.ActiveCfg = Release|Any CPU
		{ADA6DE63-CB28-4147-893E-E7BA7F1CB91C}.Release|Any CPU.Build.0 = Release|Any CPU
		{53793722-B274-45F4-BF9E-4FD13EF29BB5}.Debug|Any CPU.ActiveCfg = Debug|Any CPU
		{53793722-B274-45F4-BF9E-4FD13EF29BB5}.Debug|Any CPU.Build.0 = Debug|Any CPU
		{53793722-B274-45F4-BF9E-4FD13EF29BB5}.Release|Any CPU.ActiveCfg = Release|Any CPU
		{53793722-B274-45F4-BF9E-4FD13EF29BB5}.Release|Any CPU.Build.0 = Release|Any CPU
		{6432B651-3425-4E0B-8DA6-9385C7F907E3}.Debug|Any CPU.ActiveCfg = Debug|Any CPU
		{6432B651-3425-4E0B-8DA6-9385C7F907E3}.Debug|Any CPU.Build.0 = Debug|Any CPU
		{6432B651-3425-4E0B-8DA6-9385C7F907E3}.Release|Any CPU.ActiveCfg = Release|Any CPU
		{6432B651-3425-4E0B-8DA6-9385C7F907E3}.Release|Any CPU.Build.0 = Release|Any CPU
		{9603149B-8E15-4242-8F27-68FA56E1A7A8}.Debug|Any CPU.ActiveCfg = Debug|Any CPU
		{9603149B-8E15-4242-8F27-68FA56E1A7A8}.Debug|Any CPU.Build.0 = Debug|Any CPU
		{9603149B-8E15-4242-8F27-68FA56E1A7A8}.Release|Any CPU.ActiveCfg = Release|Any CPU
		{9603149B-8E15-4242-8F27-68FA56E1A7A8}.Release|Any CPU.Build.0 = Release|Any CPU
		{11E68858-FB1B-4358-8AF0-9090EFA3DE02}.Debug|Any CPU.ActiveCfg = Debug|Any CPU
		{11E68858-FB1B-4358-8AF0-9090EFA3DE02}.Debug|Any CPU.Build.0 = Debug|Any CPU
		{11E68858-FB1B-4358-8AF0-9090EFA3DE02}.Release|Any CPU.ActiveCfg = Release|Any CPU
		{11E68858-FB1B-4358-8AF0-9090EFA3DE02}.Release|Any CPU.Build.0 = Release|Any CPU
		{0307230E-3569-4F64-AC3C-E31FBAE2154D}.Debug|Any CPU.ActiveCfg = Debug|Any CPU
		{0307230E-3569-4F64-AC3C-E31FBAE2154D}.Debug|Any CPU.Build.0 = Debug|Any CPU
		{0307230E-3569-4F64-AC3C-E31FBAE2154D}.Release|Any CPU.ActiveCfg = Release|Any CPU
		{0307230E-3569-4F64-AC3C-E31FBAE2154D}.Release|Any CPU.Build.0 = Release|Any CPU
		{824742A8-5415-42D8-B69A-E3DAF11495A9}.Debug|Any CPU.ActiveCfg = Debug|Any CPU
		{824742A8-5415-42D8-B69A-E3DAF11495A9}.Debug|Any CPU.Build.0 = Debug|Any CPU
		{824742A8-5415-42D8-B69A-E3DAF11495A9}.Release|Any CPU.ActiveCfg = Release|Any CPU
		{824742A8-5415-42D8-B69A-E3DAF11495A9}.Release|Any CPU.Build.0 = Release|Any CPU
	EndGlobalSection
	GlobalSection(SolutionProperties) = preSolution
		HideSolutionNode = FALSE
	EndGlobalSection
	GlobalSection(NestedProjects) = preSolution
		{303EF46C-926C-448D-AD98-0D779C65A625} = {13772974-C3B3-479F-AB5B-0E756C61CD55}
		{D4DA1AB5-0B57-4AE1-9C46-D888FA5ADE22} = {13772974-C3B3-479F-AB5B-0E756C61CD55}
		{431589CB-73F7-43D0-AC24-39C7D662A0F3} = {13772974-C3B3-479F-AB5B-0E756C61CD55}
		{BA4A28DB-BF12-4D2E-BB3B-4383C59FFD55} = {13772974-C3B3-479F-AB5B-0E756C61CD55}
		{29F6E713-6CE5-4617-8E8B-229A165458DC} = {639AC932-0665-45A6-87F8-B72A6C457952}
		{0047501D-7400-48BE-B702-67BE8E01D88C} = {639AC932-0665-45A6-87F8-B72A6C457952}
		{C9EC9720-CE7D-490C-BBD8-F580C5B79904} = {BE4BBA96-89E3-4187-9D2E-2053A18656DB}
		{CDD4296B-5A94-49D7-A426-B60C7793E071} = {BE4BBA96-89E3-4187-9D2E-2053A18656DB}
		{93391FC8-E457-4706-A6CE-50BD81FA3814} = {BE4BBA96-89E3-4187-9D2E-2053A18656DB}
		{ADA6DE63-CB28-4147-893E-E7BA7F1CB91C} = {6BC6BA50-0AFA-499A-801F-9BC4B8BAF9C6}
		{53793722-B274-45F4-BF9E-4FD13EF29BB5} = {6BC6BA50-0AFA-499A-801F-9BC4B8BAF9C6}
		{6432B651-3425-4E0B-8DA6-9385C7F907E3} = {6BC6BA50-0AFA-499A-801F-9BC4B8BAF9C6}
		{9603149B-8E15-4242-8F27-68FA56E1A7A8} = {30CA5669-32EE-40D8-BB12-6DD9543BE2F9}
		{11E68858-FB1B-4358-8AF0-9090EFA3DE02} = {30CA5669-32EE-40D8-BB12-6DD9543BE2F9}
		{0307230E-3569-4F64-AC3C-E31FBAE2154D} = {30CA5669-32EE-40D8-BB12-6DD9543BE2F9}
		{824742A8-5415-42D8-B69A-E3DAF11495A9} = {EBEC1542-8312-4F99-84AE-5AC816599DAB}
	EndGlobalSection
	GlobalSection(ExtensibilityGlobals) = postSolution
		SolutionGuid = {CBE2CFA9-1340-426A-B557-B21BB90BE246}
	EndGlobalSection
EndGlobal
